
Microsoft Visual Studio Solution File, Format Version 12.00
# Visual Studio Version 17
VisualStudioVersion = 17.14.36327.8 d17.14
MinimumVisualStudioVersion = 10.0.40219.1
Project("{FAE04EC0-301F-11D3-BF4B-00C04F79EFBC}") = "TalentLink", "TalentLink\TalentLink.csproj", "{0D4DED83-35D9-4155-B1A7-A2CFEB394866}"
EndProject
Global
	GlobalSection(SolutionConfigurationPlatforms) = preSolution
		Debug|Any CPU = Debug|Any CPU
		Release|Any CPU = Release|Any CPU
	EndGlobalSection
	GlobalSection(ProjectConfigurationPlatforms) = postSolution
		{0D4DED83-35D9-4155-B1A7-A2CFEB394866}.Debug|Any CPU.ActiveCfg = Debug|Any CPU
		{0D4DED83-35D9-4155-B1A7-A2CFEB394866}.Debug|Any CPU.Build.0 = Debug|Any CPU
		{0D4DED83-35D9-4155-B1A7-A2CFEB394866}.Release|Any CPU.ActiveCfg = Release|Any CPU
		{0D4DED83-35D9-4155-B1A7-A2CFEB394866}.Release|Any CPU.Build.0 = Release|Any CPU
	EndGlobalSection
	GlobalSection(SolutionProperties) = preSolution
		HideSolutionNode = FALSE
	EndGlobalSection
	GlobalSection(ExtensibilityGlobals) = postSolution
		SolutionGuid = {CDC42C8D-DD00-4CCC-B5BF-0AD4F13DC551}
	EndGlobalSection
EndGlobal
